
Microsoft Visual Studio Solution File, Format Version 12.00
# Visual Studio 15
VisualStudioVersion = 15.0.28307.489
MinimumVisualStudioVersion = 10.0.40219.1
Project("{8BC9CEB8-8B4A-11D0-8D11-00A0C91BC942}") = "SandBox", "SandBox\SandBox.vcxproj", "{B44AB162-510C-488A-9E68-62A6AE61C12A}"
EndProject
Project("{8BC9CEB8-8B4A-11D0-8D11-00A0C91BC942}") = "Hazel", "Hazel\Hazel.vcxproj", "{5EAB99DA-1C10-4504-BF85-DA523EC52D40}"
EndProject
Global
	GlobalSection(SolutionConfigurationPlatforms) = preSolution
		Debug|x64 = Debug|x64
		Release|x64 = Release|x64
	EndGlobalSection
	GlobalSection(ProjectConfigurationPlatforms) = postSolution
		{5EAB99DA-1C10-4504-BF85-DA523EC52D40}.Debug|x64.ActiveCfg = Debug|x64
		{5EAB99DA-1C10-4504-BF85-DA523EC52D40}.Debug|x64.Build.0 = Debug|x64
		{5EAB99DA-1C10-4504-BF85-DA523EC52D40}.Release|x64.ActiveCfg = Release|x64
		{5EAB99DA-1C10-4504-BF85-DA523EC52D40}.Release|x64.Build.0 = Release|x64
		{B44AB162-510C-488A-9E68-62A6AE61C12A}.Debug|x64.ActiveCfg = Debug|x64
		{B44AB162-510C-488A-9E68-62A6AE61C12A}.Debug|x64.Build.0 = Debug|x64
		{B44AB162-510C-488A-9E68-62A6AE61C12A}.Release|x64.ActiveCfg = Release|x64
		{B44AB162-510C-488A-9E68-62A6AE61C12A}.Release|x64.Build.0 = Release|x64
	EndGlobalSection
	GlobalSection(SolutionProperties) = preSolution
		HideSolutionNode = FALSE
	EndGlobalSection
	GlobalSection(ExtensibilityGlobals) = postSolution
		SolutionGuid = {AD8CF04E-6438-412B-B728-E8EAB477A173}
	EndGlobalSection
EndGlobal
